// !$*UTF8*$!
{
	archiveVersion = 1;
	classes = {
	};
	objectVersion = 50;
	objects = {

/* Begin PBXBuildFile section */
		D3F0957C214462AC006E6B7B /* AppDelegate.swift in Sources */ = {isa = PBXBuildFile; fileRef = D3F0957B214462AC006E6B7B /* AppDelegate.swift */; };
		D3F0957E214462AC006E6B7B /* GalleryViewController.swift in Sources */ = {isa = PBXBuildFile; fileRef = D3F0957D214462AC006E6B7B /* GalleryViewController.swift */; };
		D3F09581214462AC006E6B7B /* Main.storyboard in Resources */ = {isa = PBXBuildFile; fileRef = D3F0957F214462AC006E6B7B /* Main.storyboard */; };
		D3F09583214462AD006E6B7B /* Assets.xcassets in Resources */ = {isa = PBXBuildFile; fileRef = D3F09582214462AD006E6B7B /* Assets.xcassets */; };
		D3F09586214462AD006E6B7B /* LaunchScreen.storyboard in Resources */ = {isa = PBXBuildFile; fileRef = D3F09584214462AD006E6B7B /* LaunchScreen.storyboard */; };
		D3F0959121446A28006E6B7B /* Image.swift in Sources */ = {isa = PBXBuildFile; fileRef = D3F0959021446A28006E6B7B /* Image.swift */; };
		D3F0959321446A50006E6B7B /* SearchImageResponse.swift in Sources */ = {isa = PBXBuildFile; fileRef = D3F0959221446A50006E6B7B /* SearchImageResponse.swift */; };
		D3F0959621446D52006E6B7B /* ImageNetworkRequest.swift in Sources */ = {isa = PBXBuildFile; fileRef = D3F0959521446D52006E6B7B /* ImageNetworkRequest.swift */; };
		D3F0959921447AD7006E6B7B /* ImageCollectionViewCell.swift in Sources */ = {isa = PBXBuildFile; fileRef = D3F0959721447AD7006E6B7B /* ImageCollectionViewCell.swift */; };
		D3F0959A21447AD7006E6B7B /* ImageCollectionViewCell.xib in Resources */ = {isa = PBXBuildFile; fileRef = D3F0959821447AD7006E6B7B /* ImageCollectionViewCell.xib */; };
/* End PBXBuildFile section */

/* Begin PBXFileReference section */
		D3F09578214462AC006E6B7B /* Flickr.app */ = {isa = PBXFileReference; explicitFileType = wrapper.application; includeInIndex = 0; path = Flickr.app; sourceTree = BUILT_PRODUCTS_DIR; };
		D3F0957B214462AC006E6B7B /* AppDelegate.swift */ = {isa = PBXFileReference; lastKnownFileType = sourcecode.swift; path = AppDelegate.swift; sourceTree = "<group>"; };
		D3F0957D214462AC006E6B7B /* GalleryViewController.swift */ = {isa = PBXFileReference; lastKnownFileType = sourcecode.swift; path = GalleryViewController.swift; sourceTree = "<group>"; };
		D3F09580214462AC006E6B7B /* Base */ = {isa = PBXFileReference; lastKnownFileType = file.storyboard; name = Base; path = Base.lproj/Main.storyboard; sourceTree = "<group>"; };
		D3F09582214462AD006E6B7B /* Assets.xcassets */ = {isa = PBXFileReference; lastKnownFileType = folder.assetcatalog; path = Assets.xcassets; sourceTree = "<group>"; };
		D3F09585214462AD006E6B7B /* Base */ = {isa = PBXFileReference; lastKnownFileType = file.storyboard; name = Base; path = Base.lproj/LaunchScreen.storyboard; sourceTree = "<group>"; };
		D3F09587214462AD006E6B7B /* Info.plist */ = {isa = PBXFileReference; lastKnownFileType = text.plist.xml; path = Info.plist; sourceTree = "<group>"; };
		D3F0959021446A28006E6B7B /* Image.swift */ = {isa = PBXFileReference; lastKnownFileType = sourcecode.swift; path = Image.swift; sourceTree = "<group>"; };
		D3F0959221446A50006E6B7B /* SearchImageResponse.swift */ = {isa = PBXFileReference; lastKnownFileType = sourcecode.swift; path = SearchImageResponse.swift; sourceTree = "<group>"; };
		D3F0959521446D52006E6B7B /* ImageNetworkRequest.swift */ = {isa = PBXFileReference; lastKnownFileType = sourcecode.swift; path = ImageNetworkRequest.swift; sourceTree = "<group>"; };
		D3F0959721447AD7006E6B7B /* ImageCollectionViewCell.swift */ = {isa = PBXFileReference; lastKnownFileType = sourcecode.swift; path = ImageCollectionViewCell.swift; sourceTree = "<group>"; };
		D3F0959821447AD7006E6B7B /* ImageCollectionViewCell.xib */ = {isa = PBXFileReference; lastKnownFileType = file.xib; path = ImageCollectionViewCell.xib; sourceTree = "<group>"; };
/* End PBXFileReference section */

/* Begin PBXFrameworksBuildPhase section */
		D3F09575214462AC006E6B7B /* Frameworks */ = {
			isa = PBXFrameworksBuildPhase;
			buildActionMask = 2147483647;
			files = (
			);
			runOnlyForDeploymentPostprocessing = 0;
		};
/* End PBXFrameworksBuildPhase section */

/* Begin PBXGroup section */
		D3F0956F214462AC006E6B7B = {
			isa = PBXGroup;
			children = (
				D3F0957A214462AC006E6B7B /* Flickr */,
				D3F09579214462AC006E6B7B /* Products */,
			);
			sourceTree = "<group>";
		};
		D3F09579214462AC006E6B7B /* Products */ = {
			isa = PBXGroup;
			children = (
				D3F09578214462AC006E6B7B /* Flickr.app */,
			);
			name = Products;
			sourceTree = "<group>";
		};
		D3F0957A214462AC006E6B7B /* Flickr */ = {
			isa = PBXGroup;
			children = (
				D3F0959421446D12006E6B7B /* NetworkRequests */,
				D3F0958F21446795006E6B7B /* Controllers */,
				D3F0958E2144678C006E6B7B /* Views */,
				D3F0958D21446781006E6B7B /* Models */,
				D3F0957B214462AC006E6B7B /* AppDelegate.swift */,
				D3F0957F214462AC006E6B7B /* Main.storyboard */,
				D3F09582214462AD006E6B7B /* Assets.xcassets */,
				D3F09584214462AD006E6B7B /* LaunchScreen.storyboard */,
				D3F09587214462AD006E6B7B /* Info.plist */,
			);
			path = Flickr;
			sourceTree = "<group>";
		};
		D3F0958D21446781006E6B7B /* Models */ = {
			isa = PBXGroup;
			children = (
				D3F0959021446A28006E6B7B /* Image.swift */,
				D3F0959221446A50006E6B7B /* SearchImageResponse.swift */,
			);
			path = Models;
			sourceTree = "<group>";
		};
		D3F0958E2144678C006E6B7B /* Views */ = {
			isa = PBXGroup;
			children = (
				D3F0959721447AD7006E6B7B /* ImageCollectionViewCell.swift */,
				D3F0959821447AD7006E6B7B /* ImageCollectionViewCell.xib */,
			);
			path = Views;
			sourceTree = "<group>";
		};
		D3F0958F21446795006E6B7B /* Controllers */ = {
			isa = PBXGroup;
			children = (
				D3F0957D214462AC006E6B7B /* GalleryViewController.swift */,
			);
			path = Controllers;
			sourceTree = "<group>";
		};
		D3F0959421446D12006E6B7B /* NetworkRequests */ = {
			isa = PBXGroup;
			children = (
				D3F0959521446D52006E6B7B /* ImageNetworkRequest.swift */,
			);
			path = NetworkRequests;
			sourceTree = "<group>";
		};
/* End PBXGroup section */

/* Begin PBXNativeTarget section */
		D3F09577214462AC006E6B7B /* Flickr */ = {
			isa = PBXNativeTarget;
			buildConfigurationList = D3F0958A214462AD006E6B7B /* Build configuration list for PBXNativeTarget "Flickr" */;
			buildPhases = (
				D3F09574214462AC006E6B7B /* Sources */,
				D3F09575214462AC006E6B7B /* Frameworks */,
				D3F09576214462AC006E6B7B /* Resources */,
			);
			buildRules = (
			);
			dependencies = (
			);
			name = Flickr;
			productName = Flickr;
			productReference = D3F09578214462AC006E6B7B /* Flickr.app */;
			productType = "com.apple.product-type.application";
		};
/* End PBXNativeTarget section */

/* Begin PBXProject section */
		D3F09570214462AC006E6B7B /* Project object */ = {
			isa = PBXProject;
			attributes = {
				LastSwiftUpdateCheck = 0940;
				LastUpgradeCheck = 0940;
				ORGANIZATIONNAME = Laura;
				TargetAttributes = {
					D3F09577214462AC006E6B7B = {
						CreatedOnToolsVersion = 9.4.1;
					};
				};
			};
			buildConfigurationList = D3F09573214462AC006E6B7B /* Build configuration list for PBXProject "Flickr" */;
			compatibilityVersion = "Xcode 9.3";
			developmentRegion = en;
			hasScannedForEncodings = 0;
			knownRegions = (
				en,
				Base,
			);
			mainGroup = D3F0956F214462AC006E6B7B;
			productRefGroup = D3F09579214462AC006E6B7B /* Products */;
			projectDirPath = "";
			projectRoot = "";
			targets = (
				D3F09577214462AC006E6B7B /* Flickr */,
			);
		};
/* End PBXProject section */

/* Begin PBXResourcesBuildPhase section */
		D3F09576214462AC006E6B7B /* Resources */ = {
			isa = PBXResourcesBuildPhase;
			buildActionMask = 2147483647;
			files = (
				D3F09586214462AD006E6B7B /* LaunchScreen.storyboard in Resources */,
				D3F09583214462AD006E6B7B /* Assets.xcassets in Resources */,
				D3F0959A21447AD7006E6B7B /* ImageCollectionViewCell.xib in Resources */,
				D3F09581214462AC006E6B7B /* Main.storyboard in Resources */,
			);
			runOnlyForDeploymentPostprocessing = 0;
		};
/* End PBXResourcesBuildPhase section */

/* Begin PBXSourcesBuildPhase section */
		D3F09574214462AC006E6B7B /* Sources */ = {
			isa = PBXSourcesBuildPhase;
			buildActionMask = 2147483647;
			files = (
				D3F0959921447AD7006E6B7B /* ImageCollectionViewCell.swift in Sources */,
				D3F0959621446D52006E6B7B /* ImageNetworkRequest.swift in Sources */,
				D3F0959321446A50006E6B7B /* SearchImageResponse.swift in Sources */,
				D3F0957E214462AC006E6B7B /* GalleryViewController.swift in Sources */,
				D3F0959121446A28006E6B7B /* Image.swift in Sources */,
				D3F0957C214462AC006E6B7B /* AppDelegate.swift in Sources */,
			);
			runOnlyForDeploymentPostprocessing = 0;
		};
/* End PBXSourcesBuildPhase section */

/* Begin PBXVariantGroup section */
		D3F0957F214462AC006E6B7B /* Main.storyboard */ = {
			isa = PBXVariantGroup;
			children = (
				D3F09580214462AC006E6B7B /* Base */,
			);
			name = Main.storyboard;
			sourceTree = "<group>";
		};
		D3F09584214462AD006E6B7B /* LaunchScreen.storyboard */ = {
			isa = PBXVariantGroup;
			children = (
				D3F09585214462AD006E6B7B /* Base */,
			);
			name = LaunchScreen.storyboard;
			sourceTree = "<group>";
		};
/* End PBXVariantGroup section */

/* Begin XCBuildConfiguration section */
		D3F09588214462AD006E6B7B /* Debug */ = {
			isa = XCBuildConfiguration;
			buildSettings = {
				ALWAYS_SEARCH_USER_PATHS = NO;
				CLANG_ANALYZER_NONNULL = YES;
				CLANG_ANALYZER_NUMBER_OBJECT_CONVERSION = YES_AGGRESSIVE;
				CLANG_CXX_LANGUAGE_STANDARD = "gnu++14";
				CLANG_CXX_LIBRARY = "libc++";
				CLANG_ENABLE_MODULES = YES;
				CLANG_ENABLE_OBJC_ARC = YES;
				CLANG_ENABLE_OBJC_WEAK = YES;
				CLANG_WARN_BLOCK_CAPTURE_AUTORELEASING = YES;
				CLANG_WARN_BOOL_CONVERSION = YES;
				CLANG_WARN_COMMA = YES;
				CLANG_WARN_CONSTANT_CONVERSION = YES;
				CLANG_WARN_DEPRECATED_OBJC_IMPLEMENTATIONS = YES;
				CLANG_WARN_DIRECT_OBJC_ISA_USAGE = YES_ERROR;
				CLANG_WARN_DOCUMENTATION_COMMENTS = YES;
				CLANG_WARN_EMPTY_BODY = YES;
				CLANG_WARN_ENUM_CONVERSION = YES;
				CLANG_WARN_INFINITE_RECURSION = YES;
				CLANG_WARN_INT_CONVERSION = YES;
				CLANG_WARN_NON_LITERAL_NULL_CONVERSION = YES;
				CLANG_WARN_OBJC_IMPLICIT_RETAIN_SELF = YES;
				CLANG_WARN_OBJC_LITERAL_CONVERSION = YES;
				CLANG_WARN_OBJC_ROOT_CLASS = YES_ERROR;
				CLANG_WARN_RANGE_LOOP_ANALYSIS = YES;
				CLANG_WARN_STRICT_PROTOTYPES = YES;
				CLANG_WARN_SUSPICIOUS_MOVE = YES;
				CLANG_WARN_UNGUARDED_AVAILABILITY = YES_AGGRESSIVE;
				CLANG_WARN_UNREACHABLE_CODE = YES;
				CLANG_WARN__DUPLICATE_METHOD_MATCH = YES;
				CODE_SIGN_IDENTITY = "iPhone Developer";
				COPY_PHASE_STRIP = NO;
				DEBUG_INFORMATION_FORMAT = dwarf;
				ENABLE_STRICT_OBJC_MSGSEND = YES;
				ENABLE_TESTABILITY = YES;
				GCC_C_LANGUAGE_STANDARD = gnu11;
				GCC_DYNAMIC_NO_PIC = NO;
				GCC_NO_COMMON_BLOCKS = YES;
				GCC_OPTIMIZATION_LEVEL = 0;
				GCC_PREPROCESSOR_DEFINITIONS = (
					"DEBUG=1",
					"$(inherited)",
				);
				GCC_WARN_64_TO_32_BIT_CONVERSION = YES;
				GCC_WARN_ABOUT_RETURN_TYPE = YES_ERROR;
				GCC_WARN_UNDECLARED_SELECTOR = YES;
				GCC_WARN_UNINITIALIZED_AUTOS = YES_AGGRESSIVE;
				GCC_WARN_UNUSED_FUNCTION = YES;
				GCC_WARN_UNUSED_VARIABLE = YES;
				IPHONEOS_DEPLOYMENT_TARGET = 11.4;
				MTL_ENABLE_DEBUG_INFO = YES;
				ONLY_ACTIVE_ARCH = YES;
				SDKROOT = iphoneos;
				SWIFT_ACTIVE_COMPILATION_CONDITIONS = DEBUG;
				SWIFT_OPTIMIZATION_LEVEL = "-Onone";
			};
			name = Debug;
		};
		D3F09589214462AD006E6B7B /* Release */ = {
			isa = XCBuildConfiguration;
			buildSettings = {
				ALWAYS_SEARCH_USER_PATHS = NO;
				CLANG_ANALYZER_NONNULL = YES;
				CLANG_ANALYZER_NUMBER_OBJECT_CONVERSION = YES_AGGRESSIVE;
				CLANG_CXX_LANGUAGE_STANDARD = "gnu++14";
				CLANG_CXX_LIBRARY = "libc++";
				CLANG_ENABLE_MODULES = YES;
				CLANG_ENABLE_OBJC_ARC = YES;
				CLANG_ENABLE_OBJC_WEAK = YES;
				CLANG_WARN_BLOCK_CAPTURE_AUTORELEASING = YES;
				CLANG_WARN_BOOL_CONVERSION = YES;
				CLANG_WARN_COMMA = YES;
				CLANG_WARN_CONSTANT_CONVERSION = YES;
				CLANG_WARN_DEPRECATED_OBJC_IMPLEMENTATIONS = YES;
				CLANG_WARN_DIRECT_OBJC_ISA_USAGE = YES_ERROR;
				CLANG_WARN_DOCUMENTATION_COMMENTS = YES;
				CLANG_WARN_EMPTY_BODY = YES;
				CLANG_WARN_ENUM_CONVERSION = YES;
				CLANG_WARN_INFINITE_RECURSION = YES;
				CLANG_WARN_INT_CONVERSION = YES;
				CLANG_WARN_NON_LITERAL_NULL_CONVERSION = YES;
				CLANG_WARN_OBJC_IMPLICIT_RETAIN_SELF = YES;
				CLANG_WARN_OBJC_LITERAL_CONVERSION = YES;
				CLANG_WARN_OBJC_ROOT_CLASS = YES_ERROR;
				CLANG_WARN_RANGE_LOOP_ANALYSIS = YES;
				CLANG_WARN_STRICT_PROTOTYPES = YES;
				CLANG_WARN_SUSPICIOUS_MOVE = YES;
				CLANG_WARN_UNGUARDED_AVAILABILITY = YES_AGGRESSIVE;
				CLANG_WARN_UNREACHABLE_CODE = YES;
				CLANG_WARN__DUPLICATE_METHOD_MATCH = YES;
				CODE_SIGN_IDENTITY = "iPhone Developer";
				COPY_PHASE_STRIP = NO;
				DEBUG_INFORMATION_FORMAT = "dwarf-with-dsym";
				ENABLE_NS_ASSERTIONS = NO;
				ENABLE_STRICT_OBJC_MSGSEND = YES;
				GCC_C_LANGUAGE_STANDARD = gnu11;
				GCC_NO_COMMON_BLOCKS = YES;
				GCC_WARN_64_TO_32_BIT_CONVERSION = YES;
				GCC_WARN_ABOUT_RETURN_TYPE = YES_ERROR;
				GCC_WARN_UNDECLARED_SELECTOR = YES;
				GCC_WARN_UNINITIALIZED_AUTOS = YES_AGGRESSIVE;
				GCC_WARN_UNUSED_FUNCTION = YES;
				GCC_WARN_UNUSED_VARIABLE = YES;
				IPHONEOS_DEPLOYMENT_TARGET = 11.4;
				MTL_ENABLE_DEBUG_INFO = NO;
				SDKROOT = iphoneos;
				SWIFT_COMPILATION_MODE = wholemodule;
				SWIFT_OPTIMIZATION_LEVEL = "-O";
				VALIDATE_PRODUCT = YES;
			};
			name = Release;
		};
		D3F0958B214462AD006E6B7B /* Debug */ = {
			isa = XCBuildConfiguration;
			buildSettings = {
				ASSETCATALOG_COMPILER_APPICON_NAME = AppIcon;
				CODE_SIGN_STYLE = Automatic;
				DEVELOPMENT_TEAM = WSE9V4ZK6U;
				INFOPLIST_FILE = Flickr/Info.plist;
				LD_RUNPATH_SEARCH_PATHS = (
					"$(inherited)",
					"@executable_path/Frameworks",
				);
				PRODUCT_BUNDLE_IDENTIFIER = felix.Flickr;
				PRODUCT_NAME = "$(TARGET_NAME)";
				SWIFT_VERSION = 4.0;
				TARGETED_DEVICE_FAMILY = "1,2";
			};
			name = Debug;
		};
		D3F0958C214462AD006E6B7B /* Release */ = {
			isa = XCBuildConfiguration;
			buildSettings = {
				ASSETCATALOG_COMPILER_APPICON_NAME = AppIcon;
				CODE_SIGN_STYLE = Automatic;
				DEVELOPMENT_TEAM = WSE9V4ZK6U;
				INFOPLIST_FILE = Flickr/Info.plist;
				LD_RUNPATH_SEARCH_PATHS = (
					"$(inherited)",
					"@executable_path/Frameworks",
				);
				PRODUCT_BUNDLE_IDENTIFIER = felix.Flickr;
				PRODUCT_NAME = "$(TARGET_NAME)";
				SWIFT_VERSION = 4.0;
				TARGETED_DEVICE_FAMILY = "1,2";
			};
			name = Release;
		};
/* End XCBuildConfiguration section */

/* Begin XCConfigurationList section */
		D3F09573214462AC006E6B7B /* Build configuration list for PBXProject "Flickr" */ = {
			isa = XCConfigurationList;
			buildConfigurations = (
				D3F09588214462AD006E6B7B /* Debug */,
				D3F09589214462AD006E6B7B /* Release */,
			);
			defaultConfigurationIsVisible = 0;
			defaultConfigurationName = Release;
		};
		D3F0958A214462AD006E6B7B /* Build configuration list for PBXNativeTarget "Flickr" */ = {
			isa = XCConfigurationList;
			buildConfigurations = (
				D3F0958B214462AD006E6B7B /* Debug */,
				D3F0958C214462AD006E6B7B /* Release */,
			);
			defaultConfigurationIsVisible = 0;
			defaultConfigurationName = Release;
		};
/* End XCConfigurationList section */
	};
	rootObject = D3F09570214462AC006E6B7B /* Project object */;
}
